
Microsoft Visual Studio Solution File, Format Version 12.00
# Visual Studio 15
Project("{FAE04EC0-301F-11D3-BF4B-00C04F79EFBC}") = "Desafio21DiasOO", "Desafio21DiasOO\Desafio21DiasOO.csproj", "{87CFA0C2-7D08-45B3-A0FB-BDD5A430855B}"
EndProject
Global
	GlobalSection(SolutionConfigurationPlatforms) = preSolution
		Debug|Any CPU = Debug|Any CPU
		Release|Any CPU = Release|Any CPU
	EndGlobalSection
	GlobalSection(ProjectConfigurationPlatforms) = postSolution
		{87CFA0C2-7D08-45B3-A0FB-BDD5A430855B}.Debug|Any CPU.ActiveCfg = Debug|Any CPU
		{87CFA0C2-7D08-45B3-A0FB-BDD5A430855B}.Debug|Any CPU.Build.0 = Debug|Any CPU
		{87CFA0C2-7D08-45B3-A0FB-BDD5A430855B}.Release|Any CPU.ActiveCfg = Release|Any CPU
		{87CFA0C2-7D08-45B3-A0FB-BDD5A430855B}.Release|Any CPU.Build.0 = Release|Any CPU
	EndGlobalSection
EndGlobal
